
Microsoft Visual Studio Solution File, Format Version 12.00
# Visual Studio 15
VisualStudioVersion = 15.0.28010.2046
MinimumVisualStudioVersion = 10.0.40219.1
Project("{9A19103F-16F7-4668-BE54-9A1E7A4F7556}") = "RestfulCostumerService", "RestfulCostumerService\RestfulCostumerService.csproj", "{5A885FD2-31DE-4366-B0A4-756950F76AFE}"
EndProject
Project("{9A19103F-16F7-4668-BE54-9A1E7A4F7556}") = "ClassLibraryForCustomer", "ClassLibraryForCustomer\ClassLibraryForCustomer.csproj", "{E9B38E2B-5C72-4794-87FD-DE828B0BC267}"
EndProject
Project("{FAE04EC0-301F-11D3-BF4B-00C04F79EFBC}") = "RestCustomerConsumer", "RestCustomerConsumer\RestCustomerConsumer.csproj", "{5583097B-D38F-43AD-BF1F-C417126F45A6}"
EndProject
Global
	GlobalSection(SolutionConfigurationPlatforms) = preSolution
		Debug|Any CPU = Debug|Any CPU
		Release|Any CPU = Release|Any CPU
	EndGlobalSection
	GlobalSection(ProjectConfigurationPlatforms) = postSolution
		{5A885FD2-31DE-4366-B0A4-756950F76AFE}.Debug|Any CPU.ActiveCfg = Debug|Any CPU
		{5A885FD2-31DE-4366-B0A4-756950F76AFE}.Debug|Any CPU.Build.0 = Debug|Any CPU
		{5A885FD2-31DE-4366-B0A4-756950F76AFE}.Release|Any CPU.ActiveCfg = Release|Any CPU
		{5A885FD2-31DE-4366-B0A4-756950F76AFE}.Release|Any CPU.Build.0 = Release|Any CPU
		{E9B38E2B-5C72-4794-87FD-DE828B0BC267}.Debug|Any CPU.ActiveCfg = Debug|Any CPU
		{E9B38E2B-5C72-4794-87FD-DE828B0BC267}.Debug|Any CPU.Build.0 = Debug|Any CPU
		{E9B38E2B-5C72-4794-87FD-DE828B0BC267}.Release|Any CPU.ActiveCfg = Release|Any CPU
		{E9B38E2B-5C72-4794-87FD-DE828B0BC267}.Release|Any CPU.Build.0 = Release|Any CPU
		{5583097B-D38F-43AD-BF1F-C417126F45A6}.Debug|Any CPU.ActiveCfg = Debug|Any CPU
		{5583097B-D38F-43AD-BF1F-C417126F45A6}.Debug|Any CPU.Build.0 = Debug|Any CPU
		{5583097B-D38F-43AD-BF1F-C417126F45A6}.Release|Any CPU.ActiveCfg = Release|Any CPU
		{5583097B-D38F-43AD-BF1F-C417126F45A6}.Release|Any CPU.Build.0 = Release|Any CPU
	EndGlobalSection
	GlobalSection(SolutionProperties) = preSolution
		HideSolutionNode = FALSE
	EndGlobalSection
	GlobalSection(ExtensibilityGlobals) = postSolution
		SolutionGuid = {BE343872-1803-4CEC-9650-72910D1A2E29}
	EndGlobalSection
EndGlobal
